// !$*UTF8*$!
{
	archiveVersion = 1;
	classes = {
	};
	objectVersion = 56;
	objects = {

/* Begin PBXBuildFile section */
		D38CE28929B1DC9500F56FE9 /* SolarGramApp.swift in Sources */ = {isa = PBXBuildFile; fileRef = D38CE28829B1DC9500F56FE9 /* SolarGramApp.swift */; };
		D38CE28B29B1DC9500F56FE9 /* ContentView.swift in Sources */ = {isa = PBXBuildFile; fileRef = D38CE28A29B1DC9500F56FE9 /* ContentView.swift */; };
		D38CE28D29B1DC9700F56FE9 /* Assets.xcassets in Resources */ = {isa = PBXBuildFile; fileRef = D38CE28C29B1DC9700F56FE9 /* Assets.xcassets */; };
		D38CE29029B1DC9700F56FE9 /* Preview Assets.xcassets in Resources */ = {isa = PBXBuildFile; fileRef = D38CE28F29B1DC9700F56FE9 /* Preview Assets.xcassets */; };
		D38CE29829B29F7C00F56FE9 /* PhotosUserView.swift in Sources */ = {isa = PBXBuildFile; fileRef = D38CE29729B29F7C00F56FE9 /* PhotosUserView.swift */; };
		D38CE29C29B2A1B700F56FE9 /* ProfileUserView.swift in Sources */ = {isa = PBXBuildFile; fileRef = D38CE29B29B2A1B700F56FE9 /* ProfileUserView.swift */; };
		D38CE2A029B2A85A00F56FE9 /* ImageView.swift in Sources */ = {isa = PBXBuildFile; fileRef = D38CE29F29B2A85A00F56FE9 /* ImageView.swift */; };
		D38CE2A229B2AEF600F56FE9 /* LoveButton.swift in Sources */ = {isa = PBXBuildFile; fileRef = D38CE2A129B2AEF600F56FE9 /* LoveButton.swift */; };
		D38CE2A429B2B0B300F56FE9 /* PostView.swift in Sources */ = {isa = PBXBuildFile; fileRef = D38CE2A329B2B0B300F56FE9 /* PostView.swift */; };
		D38CE2A829B2C5F600F56FE9 /* PhotosView.swift in Sources */ = {isa = PBXBuildFile; fileRef = D38CE2A729B2C5F600F56FE9 /* PhotosView.swift */; };
		D38CE2AD29B2F1C300F56FE9 /* ProfileView.swift in Sources */ = {isa = PBXBuildFile; fileRef = D38CE2AC29B2F1C300F56FE9 /* ProfileView.swift */; };
		D38CE2B029B2F30600F56FE9 /* Post.swift in Sources */ = {isa = PBXBuildFile; fileRef = D38CE2AF29B2F30600F56FE9 /* Post.swift */; };
/* End PBXBuildFile section */

/* Begin PBXFileReference section */
		D38CE28529B1DC9500F56FE9 /* SolarGram.app */ = {isa = PBXFileReference; explicitFileType = wrapper.application; includeInIndex = 0; path = SolarGram.app; sourceTree = BUILT_PRODUCTS_DIR; };
		D38CE28829B1DC9500F56FE9 /* SolarGramApp.swift */ = {isa = PBXFileReference; lastKnownFileType = sourcecode.swift; path = SolarGramApp.swift; sourceTree = "<group>"; };
		D38CE28A29B1DC9500F56FE9 /* ContentView.swift */ = {isa = PBXFileReference; lastKnownFileType = sourcecode.swift; path = ContentView.swift; sourceTree = "<group>"; };
		D38CE28C29B1DC9700F56FE9 /* Assets.xcassets */ = {isa = PBXFileReference; lastKnownFileType = folder.assetcatalog; path = Assets.xcassets; sourceTree = "<group>"; };
		D38CE28F29B1DC9700F56FE9 /* Preview Assets.xcassets */ = {isa = PBXFileReference; lastKnownFileType = folder.assetcatalog; path = "Preview Assets.xcassets"; sourceTree = "<group>"; };
		D38CE29729B29F7C00F56FE9 /* PhotosUserView.swift */ = {isa = PBXFileReference; lastKnownFileType = sourcecode.swift; path = PhotosUserView.swift; sourceTree = "<group>"; };
		D38CE29B29B2A1B700F56FE9 /* ProfileUserView.swift */ = {isa = PBXFileReference; lastKnownFileType = sourcecode.swift; path = ProfileUserView.swift; sourceTree = "<group>"; };
		D38CE29F29B2A85A00F56FE9 /* ImageView.swift */ = {isa = PBXFileReference; lastKnownFileType = sourcecode.swift; path = ImageView.swift; sourceTree = "<group>"; };
		D38CE2A129B2AEF600F56FE9 /* LoveButton.swift */ = {isa = PBXFileReference; lastKnownFileType = sourcecode.swift; path = LoveButton.swift; sourceTree = "<group>"; };
		D38CE2A329B2B0B300F56FE9 /* PostView.swift */ = {isa = PBXFileReference; lastKnownFileType = sourcecode.swift; path = PostView.swift; sourceTree = "<group>"; };
		D38CE2A729B2C5F600F56FE9 /* PhotosView.swift */ = {isa = PBXFileReference; lastKnownFileType = sourcecode.swift; path = PhotosView.swift; sourceTree = "<group>"; };
		D38CE2AA29B2D29E00F56FE9 /* Users.geojson */ = {isa = PBXFileReference; lastKnownFileType = text; path = Users.geojson; sourceTree = "<group>"; };
		D38CE2AC29B2F1C300F56FE9 /* ProfileView.swift */ = {isa = PBXFileReference; lastKnownFileType = sourcecode.swift; path = ProfileView.swift; sourceTree = "<group>"; };
		D38CE2AF29B2F30600F56FE9 /* Post.swift */ = {isa = PBXFileReference; lastKnownFileType = sourcecode.swift; path = Post.swift; sourceTree = "<group>"; };
/* End PBXFileReference section */

/* Begin PBXFrameworksBuildPhase section */
		D38CE28229B1DC9500F56FE9 /* Frameworks */ = {
			isa = PBXFrameworksBuildPhase;
			buildActionMask = 2147483647;
			files = (
			);
			runOnlyForDeploymentPostprocessing = 0;
		};
/* End PBXFrameworksBuildPhase section */

/* Begin PBXGroup section */
		D38CE27C29B1DC9500F56FE9 = {
			isa = PBXGroup;
			children = (
				D38CE28729B1DC9500F56FE9 /* SolarGram */,
				D38CE28629B1DC9500F56FE9 /* Products */,
			);
			sourceTree = "<group>";
		};
		D38CE28629B1DC9500F56FE9 /* Products */ = {
			isa = PBXGroup;
			children = (
				D38CE28529B1DC9500F56FE9 /* SolarGram.app */,
			);
			name = Products;
			sourceTree = "<group>";
		};
		D38CE28729B1DC9500F56FE9 /* SolarGram */ = {
			isa = PBXGroup;
			children = (
				D38CE28829B1DC9500F56FE9 /* SolarGramApp.swift */,
				D38CE28A29B1DC9500F56FE9 /* ContentView.swift */,
				D38CE29629B29C4B00F56FE9 /* Views */,
				D38CE2AE29B2F2DE00F56FE9 /* Models */,
				D38CE2A929B2D26E00F56FE9 /* Resources */,
				D38CE28C29B1DC9700F56FE9 /* Assets.xcassets */,
				D38CE28E29B1DC9700F56FE9 /* Preview Content */,
			);
			path = SolarGram;
			sourceTree = "<group>";
		};
		D38CE28E29B1DC9700F56FE9 /* Preview Content */ = {
			isa = PBXGroup;
			children = (
				D38CE28F29B1DC9700F56FE9 /* Preview Assets.xcassets */,
			);
			path = "Preview Content";
			sourceTree = "<group>";
		};
		D38CE29629B29C4B00F56FE9 /* Views */ = {
			isa = PBXGroup;
			children = (
				D38CE29A29B2A17F00F56FE9 /* Profile */,
				D38CE29929B2A17400F56FE9 /* Photos */,
			);
			path = Views;
			sourceTree = "<group>";
		};
		D38CE29929B2A17400F56FE9 /* Photos */ = {
			isa = PBXGroup;
			children = (
				D38CE29729B29F7C00F56FE9 /* PhotosUserView.swift */,
				D38CE29F29B2A85A00F56FE9 /* ImageView.swift */,
				D38CE2A329B2B0B300F56FE9 /* PostView.swift */,
				D38CE2A729B2C5F600F56FE9 /* PhotosView.swift */,
				D38CE2A129B2AEF600F56FE9 /* LoveButton.swift */,
			);
			path = Photos;
			sourceTree = "<group>";
		};
		D38CE29A29B2A17F00F56FE9 /* Profile */ = {
			isa = PBXGroup;
			children = (
				D38CE29B29B2A1B700F56FE9 /* ProfileUserView.swift */,
				D38CE2AC29B2F1C300F56FE9 /* ProfileView.swift */,
			);
			path = Profile;
			sourceTree = "<group>";
		};
		D38CE2A929B2D26E00F56FE9 /* Resources */ = {
			isa = PBXGroup;
			children = (
				D38CE2AA29B2D29E00F56FE9 /* Users.geojson */,
			);
			path = Resources;
			sourceTree = "<group>";
		};
		D38CE2AE29B2F2DE00F56FE9 /* Models */ = {
			isa = PBXGroup;
			children = (
				D38CE2AF29B2F30600F56FE9 /* Post.swift */,
			);
			path = Models;
			sourceTree = "<group>";
		};
/* End PBXGroup section */

/* Begin PBXNativeTarget section */
		D38CE28429B1DC9500F56FE9 /* SolarGram */ = {
			isa = PBXNativeTarget;
			buildConfigurationList = D38CE29329B1DC9700F56FE9 /* Build configuration list for PBXNativeTarget "SolarGram" */;
			buildPhases = (
				D38CE28129B1DC9500F56FE9 /* Sources */,
				D38CE28229B1DC9500F56FE9 /* Frameworks */,
				D38CE28329B1DC9500F56FE9 /* Resources */,
			);
			buildRules = (
			);
			dependencies = (
			);
			name = SolarGram;
			productName = SolarGram;
			productReference = D38CE28529B1DC9500F56FE9 /* SolarGram.app */;
			productType = "com.apple.product-type.application";
		};
/* End PBXNativeTarget section */

/* Begin PBXProject section */
		D38CE27D29B1DC9500F56FE9 /* Project object */ = {
			isa = PBXProject;
			attributes = {
				BuildIndependentTargetsInParallel = 1;
				LastSwiftUpdateCheck = 1420;
				LastUpgradeCheck = 1420;
				TargetAttributes = {
					D38CE28429B1DC9500F56FE9 = {
						CreatedOnToolsVersion = 14.2;
					};
				};
			};
			buildConfigurationList = D38CE28029B1DC9500F56FE9 /* Build configuration list for PBXProject "SolarGram" */;
			compatibilityVersion = "Xcode 14.0";
			developmentRegion = en;
			hasScannedForEncodings = 0;
			knownRegions = (
				en,
				Base,
			);
			mainGroup = D38CE27C29B1DC9500F56FE9;
			productRefGroup = D38CE28629B1DC9500F56FE9 /* Products */;
			projectDirPath = "";
			projectRoot = "";
			targets = (
				D38CE28429B1DC9500F56FE9 /* SolarGram */,
			);
		};
/* End PBXProject section */

/* Begin PBXResourcesBuildPhase section */
		D38CE28329B1DC9500F56FE9 /* Resources */ = {
			isa = PBXResourcesBuildPhase;
			buildActionMask = 2147483647;
			files = (
				D38CE29029B1DC9700F56FE9 /* Preview Assets.xcassets in Resources */,
				D38CE28D29B1DC9700F56FE9 /* Assets.xcassets in Resources */,
			);
			runOnlyForDeploymentPostprocessing = 0;
		};
/* End PBXResourcesBuildPhase section */

/* Begin PBXSourcesBuildPhase section */
		D38CE28129B1DC9500F56FE9 /* Sources */ = {
			isa = PBXSourcesBuildPhase;
			buildActionMask = 2147483647;
			files = (
				D38CE2A429B2B0B300F56FE9 /* PostView.swift in Sources */,
				D38CE2B029B2F30600F56FE9 /* Post.swift in Sources */,
				D38CE2AD29B2F1C300F56FE9 /* ProfileView.swift in Sources */,
				D38CE2A029B2A85A00F56FE9 /* ImageView.swift in Sources */,
				D38CE28B29B1DC9500F56FE9 /* ContentView.swift in Sources */,
				D38CE2A829B2C5F600F56FE9 /* PhotosView.swift in Sources */,
				D38CE28929B1DC9500F56FE9 /* SolarGramApp.swift in Sources */,
				D38CE2A229B2AEF600F56FE9 /* LoveButton.swift in Sources */,
				D38CE29829B29F7C00F56FE9 /* PhotosUserView.swift in Sources */,
				D38CE29C29B2A1B700F56FE9 /* ProfileUserView.swift in Sources */,
			);
			runOnlyForDeploymentPostprocessing = 0;
		};
/* End PBXSourcesBuildPhase section */

/* Begin XCBuildConfiguration section */
		D38CE29129B1DC9700F56FE9 /* Debug */ = {
			isa = XCBuildConfiguration;
			buildSettings = {
				ALWAYS_SEARCH_USER_PATHS = NO;
				CLANG_ANALYZER_NONNULL = YES;
				CLANG_ANALYZER_NUMBER_OBJECT_CONVERSION = YES_AGGRESSIVE;
				CLANG_CXX_LANGUAGE_STANDARD = "gnu++20";
				CLANG_ENABLE_MODULES = YES;
				CLANG_ENABLE_OBJC_ARC = YES;
				CLANG_ENABLE_OBJC_WEAK = YES;
				CLANG_WARN_BLOCK_CAPTURE_AUTORELEASING = YES;
				CLANG_WARN_BOOL_CONVERSION = YES;
				CLANG_WARN_COMMA = YES;
				CLANG_WARN_CONSTANT_CONVERSION = YES;
				CLANG_WARN_DEPRECATED_OBJC_IMPLEMENTATIONS = YES;
				CLANG_WARN_DIRECT_OBJC_ISA_USAGE = YES_ERROR;
				CLANG_WARN_DOCUMENTATION_COMMENTS = YES;
				CLANG_WARN_EMPTY_BODY = YES;
				CLANG_WARN_ENUM_CONVERSION = YES;
				CLANG_WARN_INFINITE_RECURSION = YES;
				CLANG_WARN_INT_CONVERSION = YES;
				CLANG_WARN_NON_LITERAL_NULL_CONVERSION = YES;
				CLANG_WARN_OBJC_IMPLICIT_RETAIN_SELF = YES;
				CLANG_WARN_OBJC_LITERAL_CONVERSION = YES;
				CLANG_WARN_OBJC_ROOT_CLASS = YES_ERROR;
				CLANG_WARN_QUOTED_INCLUDE_IN_FRAMEWORK_HEADER = YES;
				CLANG_WARN_RANGE_LOOP_ANALYSIS = YES;
				CLANG_WARN_STRICT_PROTOTYPES = YES;
				CLANG_WARN_SUSPICIOUS_MOVE = YES;
				CLANG_WARN_UNGUARDED_AVAILABILITY = YES_AGGRESSIVE;
				CLANG_WARN_UNREACHABLE_CODE = YES;
				CLANG_WARN__DUPLICATE_METHOD_MATCH = YES;
				COPY_PHASE_STRIP = NO;
				DEBUG_INFORMATION_FORMAT = dwarf;
				ENABLE_STRICT_OBJC_MSGSEND = YES;
				ENABLE_TESTABILITY = YES;
				GCC_C_LANGUAGE_STANDARD = gnu11;
				GCC_DYNAMIC_NO_PIC = NO;
				GCC_NO_COMMON_BLOCKS = YES;
				GCC_OPTIMIZATION_LEVEL = 0;
				GCC_PREPROCESSOR_DEFINITIONS = (
					"DEBUG=1",
					"$(inherited)",
				);
				GCC_WARN_64_TO_32_BIT_CONVERSION = YES;
				GCC_WARN_ABOUT_RETURN_TYPE = YES_ERROR;
				GCC_WARN_UNDECLARED_SELECTOR = YES;
				GCC_WARN_UNINITIALIZED_AUTOS = YES_AGGRESSIVE;
				GCC_WARN_UNUSED_FUNCTION = YES;
				GCC_WARN_UNUSED_VARIABLE = YES;
				IPHONEOS_DEPLOYMENT_TARGET = 16.2;
				MTL_ENABLE_DEBUG_INFO = INCLUDE_SOURCE;
				MTL_FAST_MATH = YES;
				ONLY_ACTIVE_ARCH = YES;
				SDKROOT = iphoneos;
				SWIFT_ACTIVE_COMPILATION_CONDITIONS = DEBUG;
				SWIFT_OPTIMIZATION_LEVEL = "-Onone";
			};
			name = Debug;
		};
		D38CE29229B1DC9700F56FE9 /* Release */ = {
			isa = XCBuildConfiguration;
			buildSettings = {
				ALWAYS_SEARCH_USER_PATHS = NO;
				CLANG_ANALYZER_NONNULL = YES;
				CLANG_ANALYZER_NUMBER_OBJECT_CONVERSION = YES_AGGRESSIVE;
				CLANG_CXX_LANGUAGE_STANDARD = "gnu++20";
				CLANG_ENABLE_MODULES = YES;
				CLANG_ENABLE_OBJC_ARC = YES;
				CLANG_ENABLE_OBJC_WEAK = YES;
				CLANG_WARN_BLOCK_CAPTURE_AUTORELEASING = YES;
				CLANG_WARN_BOOL_CONVERSION = YES;
				CLANG_WARN_COMMA = YES;
				CLANG_WARN_CONSTANT_CONVERSION = YES;
				CLANG_WARN_DEPRECATED_OBJC_IMPLEMENTATIONS = YES;
				CLANG_WARN_DIRECT_OBJC_ISA_USAGE = YES_ERROR;
				CLANG_WARN_DOCUMENTATION_COMMENTS = YES;
				CLANG_WARN_EMPTY_BODY = YES;
				CLANG_WARN_ENUM_CONVERSION = YES;
				CLANG_WARN_INFINITE_RECURSION = YES;
				CLANG_WARN_INT_CONVERSION = YES;
				CLANG_WARN_NON_LITERAL_NULL_CONVERSION = YES;
				CLANG_WARN_OBJC_IMPLICIT_RETAIN_SELF = YES;
				CLANG_WARN_OBJC_LITERAL_CONVERSION = YES;
				CLANG_WARN_OBJC_ROOT_CLASS = YES_ERROR;
				CLANG_WARN_QUOTED_INCLUDE_IN_FRAMEWORK_HEADER = YES;
				CLANG_WARN_RANGE_LOOP_ANALYSIS = YES;
				CLANG_WARN_STRICT_PROTOTYPES = YES;
				CLANG_WARN_SUSPICIOUS_MOVE = YES;
				CLANG_WARN_UNGUARDED_AVAILABILITY = YES_AGGRESSIVE;
				CLANG_WARN_UNREACHABLE_CODE = YES;
				CLANG_WARN__DUPLICATE_METHOD_MATCH = YES;
				COPY_PHASE_STRIP = NO;
				DEBUG_INFORMATION_FORMAT = "dwarf-with-dsym";
				ENABLE_NS_ASSERTIONS = NO;
				ENABLE_STRICT_OBJC_MSGSEND = YES;
				GCC_C_LANGUAGE_STANDARD = gnu11;
				GCC_NO_COMMON_BLOCKS = YES;
				GCC_WARN_64_TO_32_BIT_CONVERSION = YES;
				GCC_WARN_ABOUT_RETURN_TYPE = YES_ERROR;
				GCC_WARN_UNDECLARED_SELECTOR = YES;
				GCC_WARN_UNINITIALIZED_AUTOS = YES_AGGRESSIVE;
				GCC_WARN_UNUSED_FUNCTION = YES;
				GCC_WARN_UNUSED_VARIABLE = YES;
				IPHONEOS_DEPLOYMENT_TARGET = 16.2;
				MTL_ENABLE_DEBUG_INFO = NO;
				MTL_FAST_MATH = YES;
				SDKROOT = iphoneos;
				SWIFT_COMPILATION_MODE = wholemodule;
				SWIFT_OPTIMIZATION_LEVEL = "-O";
				VALIDATE_PRODUCT = YES;
			};
			name = Release;
		};
		D38CE29429B1DC9700F56FE9 /* Debug */ = {
			isa = XCBuildConfiguration;
			buildSettings = {
				ASSETCATALOG_COMPILER_APPICON_NAME = AppIcon;
				ASSETCATALOG_COMPILER_GLOBAL_ACCENT_COLOR_NAME = AccentColor;
				CODE_SIGN_STYLE = Automatic;
				CURRENT_PROJECT_VERSION = 1;
				DEVELOPMENT_ASSET_PATHS = "\"SolarGram/Preview Content\"";
				DEVELOPMENT_TEAM = X6L9SBZ5YX;
				ENABLE_PREVIEWS = YES;
				GENERATE_INFOPLIST_FILE = YES;
				INFOPLIST_KEY_UIApplicationSceneManifest_Generation = YES;
				INFOPLIST_KEY_UIApplicationSupportsIndirectInputEvents = YES;
				INFOPLIST_KEY_UILaunchScreen_Generation = YES;
				INFOPLIST_KEY_UISupportedInterfaceOrientations_iPad = "UIInterfaceOrientationPortrait UIInterfaceOrientationPortraitUpsideDown UIInterfaceOrientationLandscapeLeft UIInterfaceOrientationLandscapeRight";
				INFOPLIST_KEY_UISupportedInterfaceOrientations_iPhone = "UIInterfaceOrientationPortrait UIInterfaceOrientationLandscapeLeft UIInterfaceOrientationLandscapeRight";
				LD_RUNPATH_SEARCH_PATHS = (
					"$(inherited)",
					"@executable_path/Frameworks",
				);
				MARKETING_VERSION = 1.0;
				PRODUCT_BUNDLE_IDENTIFIER = com.alanbrantley.SolarGram;
				PRODUCT_NAME = "$(TARGET_NAME)";
				SWIFT_EMIT_LOC_STRINGS = YES;
				SWIFT_VERSION = 5.0;
				TARGETED_DEVICE_FAMILY = "1,2";
			};
			name = Debug;
		};
		D38CE29529B1DC9700F56FE9 /* Release */ = {
			isa = XCBuildConfiguration;
			buildSettings = {
				ASSETCATALOG_COMPILER_APPICON_NAME = AppIcon;
				ASSETCATALOG_COMPILER_GLOBAL_ACCENT_COLOR_NAME = AccentColor;
				CODE_SIGN_STYLE = Automatic;
				CURRENT_PROJECT_VERSION = 1;
				DEVELOPMENT_ASSET_PATHS = "\"SolarGram/Preview Content\"";
				DEVELOPMENT_TEAM = X6L9SBZ5YX;
				ENABLE_PREVIEWS = YES;
				GENERATE_INFOPLIST_FILE = YES;
				INFOPLIST_KEY_UIApplicationSceneManifest_Generation = YES;
				INFOPLIST_KEY_UIApplicationSupportsIndirectInputEvents = YES;
				INFOPLIST_KEY_UILaunchScreen_Generation = YES;
				INFOPLIST_KEY_UISupportedInterfaceOrientations_iPad = "UIInterfaceOrientationPortrait UIInterfaceOrientationPortraitUpsideDown UIInterfaceOrientationLandscapeLeft UIInterfaceOrientationLandscapeRight";
				INFOPLIST_KEY_UISupportedInterfaceOrientations_iPhone = "UIInterfaceOrientationPortrait UIInterfaceOrientationLandscapeLeft UIInterfaceOrientationLandscapeRight";
				LD_RUNPATH_SEARCH_PATHS = (
					"$(inherited)",
					"@executable_path/Frameworks",
				);
				MARKETING_VERSION = 1.0;
				PRODUCT_BUNDLE_IDENTIFIER = com.alanbrantley.SolarGram;
				PRODUCT_NAME = "$(TARGET_NAME)";
				SWIFT_EMIT_LOC_STRINGS = YES;
				SWIFT_VERSION = 5.0;
				TARGETED_DEVICE_FAMILY = "1,2";
			};
			name = Release;
		};
/* End XCBuildConfiguration section */

/* Begin XCConfigurationList section */
		D38CE28029B1DC9500F56FE9 /* Build configuration list for PBXProject "SolarGram" */ = {
			isa = XCConfigurationList;
			buildConfigurations = (
				D38CE29129B1DC9700F56FE9 /* Debug */,
				D38CE29229B1DC9700F56FE9 /* Release */,
			);
			defaultConfigurationIsVisible = 0;
			defaultConfigurationName = Release;
		};
		D38CE29329B1DC9700F56FE9 /* Build configuration list for PBXNativeTarget "SolarGram" */ = {
			isa = XCConfigurationList;
			buildConfigurations = (
				D38CE29429B1DC9700F56FE9 /* Debug */,
				D38CE29529B1DC9700F56FE9 /* Release */,
			);
			defaultConfigurationIsVisible = 0;
			defaultConfigurationName = Release;
		};
/* End XCConfigurationList section */
	};
	rootObject = D38CE27D29B1DC9500F56FE9 /* Project object */;
}
